
Microsoft Visual Studio Solution File, Format Version 12.00
# Visual Studio Version 17
VisualStudioVersion = 17.10.34916.146
MinimumVisualStudioVersion = 10.0.40219.1
Project("{888888A0-9F3D-457C-B088-3A5042F75D52}") = "AI Project", "AI Project.pyproj", "{DCB0212E-9DEA-41B1-AB1C-5C07431F8080}"
EndProject
Global
	GlobalSection(SolutionConfigurationPlatforms) = preSolution
		Debug|Any CPU = Debug|Any CPU
		Release|Any CPU = Release|Any CPU
	EndGlobalSection
	GlobalSection(ProjectConfigurationPlatforms) = postSolution
		{DCB0212E-9DEA-41B1-AB1C-5C07431F8080}.Debug|Any CPU.ActiveCfg = Debug|Any CPU
		{DCB0212E-9DEA-41B1-AB1C-5C07431F8080}.Release|Any CPU.ActiveCfg = Release|Any CPU
	EndGlobalSection
	GlobalSection(SolutionProperties) = preSolution
		HideSolutionNode = FALSE
	EndGlobalSection
	GlobalSection(ExtensibilityGlobals) = postSolution
		SolutionGuid = {8B2CD300-D730-4032-B980-CDEBE9909223}
	EndGlobalSection
EndGlobal
